
Microsoft Visual Studio Solution File, Format Version 12.00
# Visual Studio 2012
Project("{FAE04EC0-301F-11D3-BF4B-00C04F79EFBC}") = "NeuroSpeech.Atoms.Mvc", "src\NeuroSpeech.Atoms.Mvc.csproj", "{A1BB9D64-6467-4CA9-9C27-EA55C14E44C6}"
EndProject
Project("{FAE04EC0-301F-11D3-BF4B-00C04F79EFBC}") = "NeuroSpeech.Atoms.Mvc.Tests", "tests\NeuroSpeech.Atoms.Mvc.Tests.csproj", "{EEEB597C-28C2-497D-AA05-EC8043BB1AAC}"
EndProject
Global
	GlobalSection(SolutionConfigurationPlatforms) = preSolution
		Debug|Any CPU = Debug|Any CPU
		Release|Any CPU = Release|Any CPU
	EndGlobalSection
	GlobalSection(ProjectConfigurationPlatforms) = postSolution
		{A1BB9D64-6467-4CA9-9C27-EA55C14E44C6}.Debug|Any CPU.ActiveCfg = Debug|Any CPU
		{A1BB9D64-6467-4CA9-9C27-EA55C14E44C6}.Debug|Any CPU.Build.0 = Debug|Any CPU
		{A1BB9D64-6467-4CA9-9C27-EA55C14E44C6}.Release|Any CPU.ActiveCfg = Release|Any CPU
		{A1BB9D64-6467-4CA9-9C27-EA55C14E44C6}.Release|Any CPU.Build.0 = Release|Any CPU
		{EEEB597C-28C2-497D-AA05-EC8043BB1AAC}.Debug|Any CPU.ActiveCfg = Debug|Any CPU
		{EEEB597C-28C2-497D-AA05-EC8043BB1AAC}.Debug|Any CPU.Build.0 = Debug|Any CPU
		{EEEB597C-28C2-497D-AA05-EC8043BB1AAC}.Release|Any CPU.ActiveCfg = Release|Any CPU
		{EEEB597C-28C2-497D-AA05-EC8043BB1AAC}.Release|Any CPU.Build.0 = Release|Any CPU
	EndGlobalSection
	GlobalSection(SolutionProperties) = preSolution
		HideSolutionNode = FALSE
	EndGlobalSection
EndGlobal
